
Microsoft Visual Studio Solution File, Format Version 12.00
# Visual Studio 15
VisualStudioVersion = 15.0.26430.12
MinimumVisualStudioVersion = 10.0.40219.1
Project("{FAE04EC0-301F-11D3-BF4B-00C04F79EFBC}") = "ConsoleApp1", "ConsoleApp1\ConsoleApp1.csproj", "{F6034140-22EC-46D3-BEDD-61C53F3078E6}"
EndProject
Project("{FAE04EC0-301F-11D3-BF4B-00C04F79EFBC}") = "Books", "Books\Books.csproj", "{3D22B9AD-8D65-4FCA-8F52-E1E0AFF7C6F3}"
EndProject
Project("{FAE04EC0-301F-11D3-BF4B-00C04F79EFBC}") = "Mankind", "Mankind\Mankind.csproj", "{25102BF7-5571-42B9-BBAB-52C481B2988A}"
EndProject
Project("{FAE04EC0-301F-11D3-BF4B-00C04F79EFBC}") = "RadioDataBase", "RadioDataBase\RadioDataBase.csproj", "{BBD075D9-D639-4BB4-8F16-4AB3D0250EC5}"
EndProject
Global
	GlobalSection(SolutionConfigurationPlatforms) = preSolution
		Debug|Any CPU = Debug|Any CPU
		Release|Any CPU = Release|Any CPU
	EndGlobalSection
	GlobalSection(ProjectConfigurationPlatforms) = postSolution
		{F6034140-22EC-46D3-BEDD-61C53F3078E6}.Debug|Any CPU.ActiveCfg = Debug|Any CPU
		{F6034140-22EC-46D3-BEDD-61C53F3078E6}.Debug|Any CPU.Build.0 = Debug|Any CPU
		{F6034140-22EC-46D3-BEDD-61C53F3078E6}.Release|Any CPU.ActiveCfg = Release|Any CPU
		{F6034140-22EC-46D3-BEDD-61C53F3078E6}.Release|Any CPU.Build.0 = Release|Any CPU
		{3D22B9AD-8D65-4FCA-8F52-E1E0AFF7C6F3}.Debug|Any CPU.ActiveCfg = Debug|Any CPU
		{3D22B9AD-8D65-4FCA-8F52-E1E0AFF7C6F3}.Debug|Any CPU.Build.0 = Debug|Any CPU
		{3D22B9AD-8D65-4FCA-8F52-E1E0AFF7C6F3}.Release|Any CPU.ActiveCfg = Release|Any CPU
		{3D22B9AD-8D65-4FCA-8F52-E1E0AFF7C6F3}.Release|Any CPU.Build.0 = Release|Any CPU
		{25102BF7-5571-42B9-BBAB-52C481B2988A}.Debug|Any CPU.ActiveCfg = Debug|Any CPU
		{25102BF7-5571-42B9-BBAB-52C481B2988A}.Debug|Any CPU.Build.0 = Debug|Any CPU
		{25102BF7-5571-42B9-BBAB-52C481B2988A}.Release|Any CPU.ActiveCfg = Release|Any CPU
		{25102BF7-5571-42B9-BBAB-52C481B2988A}.Release|Any CPU.Build.0 = Release|Any CPU
		{BBD075D9-D639-4BB4-8F16-4AB3D0250EC5}.Debug|Any CPU.ActiveCfg = Debug|Any CPU
		{BBD075D9-D639-4BB4-8F16-4AB3D0250EC5}.Debug|Any CPU.Build.0 = Debug|Any CPU
		{BBD075D9-D639-4BB4-8F16-4AB3D0250EC5}.Release|Any CPU.ActiveCfg = Release|Any CPU
		{BBD075D9-D639-4BB4-8F16-4AB3D0250EC5}.Release|Any CPU.Build.0 = Release|Any CPU
	EndGlobalSection
	GlobalSection(SolutionProperties) = preSolution
		HideSolutionNode = FALSE
	EndGlobalSection
EndGlobal
