
Microsoft Visual Studio Solution File, Format Version 12.00
# Visual Studio 15
VisualStudioVersion = 15.0.26430.12
MinimumVisualStudioVersion = 10.0.40219.1
Project("{FAE04EC0-301F-11D3-BF4B-00C04F79EFBC}") = "01. Palindromes", "01. Palindromes\01. Palindromes.csproj", "{CA13690E-00BE-4BA8-957B-93658FB8CC6D}"
EndProject
Project("{FAE04EC0-301F-11D3-BF4B-00C04F79EFBC}") = "02. Diagonal", "02. Diagonal\02. Diagonal.csproj", "{5BF70EE0-275E-4887-87A5-BA7B4DE67EAF}"
EndProject
Project("{FAE04EC0-301F-11D3-BF4B-00C04F79EFBC}") = "03.2x2 matrix", "03.2x2 matrix\03.2x2 matrix.csproj", "{29C53FED-A4C1-44FE-BAE2-A1853E51717F}"
EndProject
Project("{FAE04EC0-301F-11D3-BF4B-00C04F79EFBC}") = "03. Max Sum", "03. Max Sum\03. Max Sum.csproj", "{756EB795-3604-4775-9C0F-E19398C27A15}"
EndProject
Project("{FAE04EC0-301F-11D3-BF4B-00C04F79EFBC}") = "05. Rubic", "05. Rubic\05. Rubic.csproj", "{7C5989EB-4A89-4F15-985E-12706C221170}"
EndProject
Project("{FAE04EC0-301F-11D3-BF4B-00C04F79EFBC}") = "Pascal triangle", "Pascal triangle\Pascal triangle.csproj", "{F49368E2-0F27-4128-B746-8B5A1D147CC4}"
EndProject
Project("{FAE04EC0-301F-11D3-BF4B-00C04F79EFBC}") = "06. Target Practice", "06. Target Practice\06. Target Practice.csproj", "{C2E4C96C-9E15-4CEF-A1D4-B4ED0F4773EB}"
EndProject
Project("{FAE04EC0-301F-11D3-BF4B-00C04F79EFBC}") = "07. Lego stuff", "07. Lego stuff\07. Lego stuff.csproj", "{8ED106A4-A0F7-48D9-9F46-3D6D7438EE58}"
EndProject
Project("{FAE04EC0-301F-11D3-BF4B-00C04F79EFBC}") = "08. ToxicBunnies", "08. ToxicBunnies\08. ToxicBunnies.csproj", "{724FB7F0-7AAF-42C2-8C23-79F8B9DA4C2A}"
EndProject
Project("{FAE04EC0-301F-11D3-BF4B-00C04F79EFBC}") = "09. Crossfire", "09. Crossfire\09. Crossfire.csproj", "{D10C4C7C-2E38-41B0-BAF5-39A8479C81AF}"
EndProject
Project("{FAE04EC0-301F-11D3-BF4B-00C04F79EFBC}") = "10. Heigan the Stripper", "10. Heigan the Stripper\10. Heigan the Stripper.csproj", "{5067027D-C3E2-4DB6-88A5-9761C1309D04}"
EndProject
Project("{FAE04EC0-301F-11D3-BF4B-00C04F79EFBC}") = "11. Parking System", "11. Parking System\11. Parking System.csproj", "{E3040EE8-7955-4735-9EBE-75AD7ADEC345}"
EndProject
Project("{FAE04EC0-301F-11D3-BF4B-00C04F79EFBC}") = "12. Rotation", "12. Rotation\12. Rotation.csproj", "{2F980593-02D0-4353-A01F-D48F753E56B4}"
EndProject
Global
	GlobalSection(SolutionConfigurationPlatforms) = preSolution
		Debug|Any CPU = Debug|Any CPU
		Release|Any CPU = Release|Any CPU
	EndGlobalSection
	GlobalSection(ProjectConfigurationPlatforms) = postSolution
		{CA13690E-00BE-4BA8-957B-93658FB8CC6D}.Debug|Any CPU.ActiveCfg = Debug|Any CPU
		{CA13690E-00BE-4BA8-957B-93658FB8CC6D}.Debug|Any CPU.Build.0 = Debug|Any CPU
		{CA13690E-00BE-4BA8-957B-93658FB8CC6D}.Release|Any CPU.ActiveCfg = Release|Any CPU
		{CA13690E-00BE-4BA8-957B-93658FB8CC6D}.Release|Any CPU.Build.0 = Release|Any CPU
		{5BF70EE0-275E-4887-87A5-BA7B4DE67EAF}.Debug|Any CPU.ActiveCfg = Debug|Any CPU
		{5BF70EE0-275E-4887-87A5-BA7B4DE67EAF}.Debug|Any CPU.Build.0 = Debug|Any CPU
		{5BF70EE0-275E-4887-87A5-BA7B4DE67EAF}.Release|Any CPU.ActiveCfg = Release|Any CPU
		{5BF70EE0-275E-4887-87A5-BA7B4DE67EAF}.Release|Any CPU.Build.0 = Release|Any CPU
		{29C53FED-A4C1-44FE-BAE2-A1853E51717F}.Debug|Any CPU.ActiveCfg = Debug|Any CPU
		{29C53FED-A4C1-44FE-BAE2-A1853E51717F}.Debug|Any CPU.Build.0 = Debug|Any CPU
		{29C53FED-A4C1-44FE-BAE2-A1853E51717F}.Release|Any CPU.ActiveCfg = Release|Any CPU
		{29C53FED-A4C1-44FE-BAE2-A1853E51717F}.Release|Any CPU.Build.0 = Release|Any CPU
		{756EB795-3604-4775-9C0F-E19398C27A15}.Debug|Any CPU.ActiveCfg = Debug|Any CPU
		{756EB795-3604-4775-9C0F-E19398C27A15}.Debug|Any CPU.Build.0 = Debug|Any CPU
		{756EB795-3604-4775-9C0F-E19398C27A15}.Release|Any CPU.ActiveCfg = Release|Any CPU
		{756EB795-3604-4775-9C0F-E19398C27A15}.Release|Any CPU.Build.0 = Release|Any CPU
		{7C5989EB-4A89-4F15-985E-12706C221170}.Debug|Any CPU.ActiveCfg = Debug|Any CPU
		{7C5989EB-4A89-4F15-985E-12706C221170}.Debug|Any CPU.Build.0 = Debug|Any CPU
		{7C5989EB-4A89-4F15-985E-12706C221170}.Release|Any CPU.ActiveCfg = Release|Any CPU
		{7C5989EB-4A89-4F15-985E-12706C221170}.Release|Any CPU.Build.0 = Release|Any CPU
		{F49368E2-0F27-4128-B746-8B5A1D147CC4}.Debug|Any CPU.ActiveCfg = Debug|Any CPU
		{F49368E2-0F27-4128-B746-8B5A1D147CC4}.Debug|Any CPU.Build.0 = Debug|Any CPU
		{F49368E2-0F27-4128-B746-8B5A1D147CC4}.Release|Any CPU.ActiveCfg = Release|Any CPU
		{F49368E2-0F27-4128-B746-8B5A1D147CC4}.Release|Any CPU.Build.0 = Release|Any CPU
		{C2E4C96C-9E15-4CEF-A1D4-B4ED0F4773EB}.Debug|Any CPU.ActiveCfg = Debug|Any CPU
		{C2E4C96C-9E15-4CEF-A1D4-B4ED0F4773EB}.Debug|Any CPU.Build.0 = Debug|Any CPU
		{C2E4C96C-9E15-4CEF-A1D4-B4ED0F4773EB}.Release|Any CPU.ActiveCfg = Release|Any CPU
		{C2E4C96C-9E15-4CEF-A1D4-B4ED0F4773EB}.Release|Any CPU.Build.0 = Release|Any CPU
		{8ED106A4-A0F7-48D9-9F46-3D6D7438EE58}.Debug|Any CPU.ActiveCfg = Debug|Any CPU
		{8ED106A4-A0F7-48D9-9F46-3D6D7438EE58}.Debug|Any CPU.Build.0 = Debug|Any CPU
		{8ED106A4-A0F7-48D9-9F46-3D6D7438EE58}.Release|Any CPU.ActiveCfg = Release|Any CPU
		{8ED106A4-A0F7-48D9-9F46-3D6D7438EE58}.Release|Any CPU.Build.0 = Release|Any CPU
		{724FB7F0-7AAF-42C2-8C23-79F8B9DA4C2A}.Debug|Any CPU.ActiveCfg = Debug|Any CPU
		{724FB7F0-7AAF-42C2-8C23-79F8B9DA4C2A}.Debug|Any CPU.Build.0 = Debug|Any CPU
		{724FB7F0-7AAF-42C2-8C23-79F8B9DA4C2A}.Release|Any CPU.ActiveCfg = Release|Any CPU
		{724FB7F0-7AAF-42C2-8C23-79F8B9DA4C2A}.Release|Any CPU.Build.0 = Release|Any CPU
		{D10C4C7C-2E38-41B0-BAF5-39A8479C81AF}.Debug|Any CPU.ActiveCfg = Debug|Any CPU
		{D10C4C7C-2E38-41B0-BAF5-39A8479C81AF}.Debug|Any CPU.Build.0 = Debug|Any CPU
		{D10C4C7C-2E38-41B0-BAF5-39A8479C81AF}.Release|Any CPU.ActiveCfg = Release|Any CPU
		{D10C4C7C-2E38-41B0-BAF5-39A8479C81AF}.Release|Any CPU.Build.0 = Release|Any CPU
		{5067027D-C3E2-4DB6-88A5-9761C1309D04}.Debug|Any CPU.ActiveCfg = Debug|Any CPU
		{5067027D-C3E2-4DB6-88A5-9761C1309D04}.Debug|Any CPU.Build.0 = Debug|Any CPU
		{5067027D-C3E2-4DB6-88A5-9761C1309D04}.Release|Any CPU.ActiveCfg = Release|Any CPU
		{5067027D-C3E2-4DB6-88A5-9761C1309D04}.Release|Any CPU.Build.0 = Release|Any CPU
		{E3040EE8-7955-4735-9EBE-75AD7ADEC345}.Debug|Any CPU.ActiveCfg = Debug|Any CPU
		{E3040EE8-7955-4735-9EBE-75AD7ADEC345}.Debug|Any CPU.Build.0 = Debug|Any CPU
		{E3040EE8-7955-4735-9EBE-75AD7ADEC345}.Release|Any CPU.ActiveCfg = Release|Any CPU
		{E3040EE8-7955-4735-9EBE-75AD7ADEC345}.Release|Any CPU.Build.0 = Release|Any CPU
		{2F980593-02D0-4353-A01F-D48F753E56B4}.Debug|Any CPU.ActiveCfg = Debug|Any CPU
		{2F980593-02D0-4353-A01F-D48F753E56B4}.Debug|Any CPU.Build.0 = Debug|Any CPU
		{2F980593-02D0-4353-A01F-D48F753E56B4}.Release|Any CPU.ActiveCfg = Release|Any CPU
		{2F980593-02D0-4353-A01F-D48F753E56B4}.Release|Any CPU.Build.0 = Release|Any CPU
	EndGlobalSection
	GlobalSection(SolutionProperties) = preSolution
		HideSolutionNode = FALSE
	EndGlobalSection
EndGlobal
