
Microsoft Visual Studio Solution File, Format Version 12.00
# Visual Studio 15
VisualStudioVersion = 15.0.26430.12
MinimumVisualStudioVersion = 10.0.40219.1
Project("{FAE04EC0-301F-11D3-BF4B-00C04F79EFBC}") = "ConsoleApp1", "ConsoleApp1\ConsoleApp1.csproj", "{4F01CE8E-A323-4A92-8F76-F01729194FAC}"
EndProject
Project("{FAE04EC0-301F-11D3-BF4B-00C04F79EFBC}") = "02", "02\02.csproj", "{A16A8C8D-D337-4BF6-BA01-88D4C4DC1096}"
EndProject
Global
	GlobalSection(SolutionConfigurationPlatforms) = preSolution
		Debug|Any CPU = Debug|Any CPU
		Release|Any CPU = Release|Any CPU
	EndGlobalSection
	GlobalSection(ProjectConfigurationPlatforms) = postSolution
		{4F01CE8E-A323-4A92-8F76-F01729194FAC}.Debug|Any CPU.ActiveCfg = Debug|Any CPU
		{4F01CE8E-A323-4A92-8F76-F01729194FAC}.Debug|Any CPU.Build.0 = Debug|Any CPU
		{4F01CE8E-A323-4A92-8F76-F01729194FAC}.Release|Any CPU.ActiveCfg = Release|Any CPU
		{4F01CE8E-A323-4A92-8F76-F01729194FAC}.Release|Any CPU.Build.0 = Release|Any CPU
		{A16A8C8D-D337-4BF6-BA01-88D4C4DC1096}.Debug|Any CPU.ActiveCfg = Debug|Any CPU
		{A16A8C8D-D337-4BF6-BA01-88D4C4DC1096}.Debug|Any CPU.Build.0 = Debug|Any CPU
		{A16A8C8D-D337-4BF6-BA01-88D4C4DC1096}.Release|Any CPU.ActiveCfg = Release|Any CPU
		{A16A8C8D-D337-4BF6-BA01-88D4C4DC1096}.Release|Any CPU.Build.0 = Release|Any CPU
	EndGlobalSection
	GlobalSection(SolutionProperties) = preSolution
		HideSolutionNode = FALSE
	EndGlobalSection
EndGlobal
