
Microsoft Visual Studio Solution File, Format Version 12.00
# Visual Studio 15
VisualStudioVersion = 15.0.26228.4
MinimumVisualStudioVersion = 10.0.40219.1
Project("{FAE04EC0-301F-11D3-BF4B-00C04F79EFBC}") = "SetsAndStuff", "SetsAndStuff\SetsAndStuff.csproj", "{8744AF8C-FFA2-4F8E-8DE6-2224893090AD}"
EndProject
Project("{FAE04EC0-301F-11D3-BF4B-00C04F79EFBC}") = "SecondStuff", "SecondStuff\SecondStuff.csproj", "{0CDE2BA4-C239-424C-884A-F83C530AC526}"
EndProject
Project("{FAE04EC0-301F-11D3-BF4B-00C04F79EFBC}") = "DictionaryStuff", "DictionaryStuff\DictionaryStuff.csproj", "{C451CB60-8416-4538-938A-F35496E587FF}"
EndProject
Project("{FAE04EC0-301F-11D3-BF4B-00C04F79EFBC}") = "OneMoreDic", "OneMoreDic\OneMoreDic.csproj", "{5C92DA3A-4A91-4900-9746-F11E63814B4A}"
EndProject
Global
	GlobalSection(SolutionConfigurationPlatforms) = preSolution
		Debug|Any CPU = Debug|Any CPU
		Release|Any CPU = Release|Any CPU
	EndGlobalSection
	GlobalSection(ProjectConfigurationPlatforms) = postSolution
		{8744AF8C-FFA2-4F8E-8DE6-2224893090AD}.Debug|Any CPU.ActiveCfg = Debug|Any CPU
		{8744AF8C-FFA2-4F8E-8DE6-2224893090AD}.Debug|Any CPU.Build.0 = Debug|Any CPU
		{8744AF8C-FFA2-4F8E-8DE6-2224893090AD}.Release|Any CPU.ActiveCfg = Release|Any CPU
		{8744AF8C-FFA2-4F8E-8DE6-2224893090AD}.Release|Any CPU.Build.0 = Release|Any CPU
		{0CDE2BA4-C239-424C-884A-F83C530AC526}.Debug|Any CPU.ActiveCfg = Debug|Any CPU
		{0CDE2BA4-C239-424C-884A-F83C530AC526}.Debug|Any CPU.Build.0 = Debug|Any CPU
		{0CDE2BA4-C239-424C-884A-F83C530AC526}.Release|Any CPU.ActiveCfg = Release|Any CPU
		{0CDE2BA4-C239-424C-884A-F83C530AC526}.Release|Any CPU.Build.0 = Release|Any CPU
		{C451CB60-8416-4538-938A-F35496E587FF}.Debug|Any CPU.ActiveCfg = Debug|Any CPU
		{C451CB60-8416-4538-938A-F35496E587FF}.Debug|Any CPU.Build.0 = Debug|Any CPU
		{C451CB60-8416-4538-938A-F35496E587FF}.Release|Any CPU.ActiveCfg = Release|Any CPU
		{C451CB60-8416-4538-938A-F35496E587FF}.Release|Any CPU.Build.0 = Release|Any CPU
		{5C92DA3A-4A91-4900-9746-F11E63814B4A}.Debug|Any CPU.ActiveCfg = Debug|Any CPU
		{5C92DA3A-4A91-4900-9746-F11E63814B4A}.Debug|Any CPU.Build.0 = Debug|Any CPU
		{5C92DA3A-4A91-4900-9746-F11E63814B4A}.Release|Any CPU.ActiveCfg = Release|Any CPU
		{5C92DA3A-4A91-4900-9746-F11E63814B4A}.Release|Any CPU.Build.0 = Release|Any CPU
	EndGlobalSection
	GlobalSection(SolutionProperties) = preSolution
		HideSolutionNode = FALSE
	EndGlobalSection
EndGlobal
