
Microsoft Visual Studio Solution File, Format Version 12.00
# Visual Studio 15
VisualStudioVersion = 15.0.26430.16
MinimumVisualStudioVersion = 10.0.40219.1
Project("{FAE04EC0-301F-11D3-BF4B-00C04F79EFBC}") = "01. Charity Marathon", "01. Charity Marathon\01. Charity Marathon.csproj", "{EE11614B-A79F-439D-972A-DB10A2DEDF0D}"
EndProject
Project("{FAE04EC0-301F-11D3-BF4B-00C04F79EFBC}") = "02. Ladybugs", "02. Ladybugs\02. Ladybugs.csproj", "{B552582D-334C-404E-8258-CEA93DF7CBA1}"
EndProject
Global
	GlobalSection(SolutionConfigurationPlatforms) = preSolution
		Debug|Any CPU = Debug|Any CPU
		Release|Any CPU = Release|Any CPU
	EndGlobalSection
	GlobalSection(ProjectConfigurationPlatforms) = postSolution
		{EE11614B-A79F-439D-972A-DB10A2DEDF0D}.Debug|Any CPU.ActiveCfg = Debug|Any CPU
		{EE11614B-A79F-439D-972A-DB10A2DEDF0D}.Debug|Any CPU.Build.0 = Debug|Any CPU
		{EE11614B-A79F-439D-972A-DB10A2DEDF0D}.Release|Any CPU.ActiveCfg = Release|Any CPU
		{EE11614B-A79F-439D-972A-DB10A2DEDF0D}.Release|Any CPU.Build.0 = Release|Any CPU
		{B552582D-334C-404E-8258-CEA93DF7CBA1}.Debug|Any CPU.ActiveCfg = Debug|Any CPU
		{B552582D-334C-404E-8258-CEA93DF7CBA1}.Debug|Any CPU.Build.0 = Debug|Any CPU
		{B552582D-334C-404E-8258-CEA93DF7CBA1}.Release|Any CPU.ActiveCfg = Release|Any CPU
		{B552582D-334C-404E-8258-CEA93DF7CBA1}.Release|Any CPU.Build.0 = Release|Any CPU
	EndGlobalSection
	GlobalSection(SolutionProperties) = preSolution
		HideSolutionNode = FALSE
	EndGlobalSection
EndGlobal
