
Microsoft Visual Studio Solution File, Format Version 12.00
# Visual Studio 15
VisualStudioVersion = 15.0.26430.16
MinimumVisualStudioVersion = 10.0.40219.1
Project("{FAE04EC0-301F-11D3-BF4B-00C04F79EFBC}") = "01. Sino The Walker", "Exam Preparation I\01. Sino The Walker.csproj", "{3134DD63-D0BF-4752-A3EA-D158BBCCEF51}"
EndProject
Project("{FAE04EC0-301F-11D3-BF4B-00C04F79EFBC}") = "02. SoftUni Karaoke", "02. SoftUni Karaoke\02. SoftUni Karaoke.csproj", "{1A405DC0-183F-4676-961C-0A8744578A59}"
EndProject
Project("{FAE04EC0-301F-11D3-BF4B-00C04F79EFBC}") = "03. Endurance Rally", "03. Endurance Rally\03. Endurance Rally.csproj", "{245BD9B2-630F-41A2-A96A-BFF8C5103BCA}"
EndProject
Project("{FAE04EC0-301F-11D3-BF4B-00C04F79EFBC}") = "04. Winning Ticket", "04. Winning Ticket\04. Winning Ticket.csproj", "{98CC7AD2-E14E-496F-AA31-8511A7CE85F8}"
EndProject
Global
	GlobalSection(SolutionConfigurationPlatforms) = preSolution
		Debug|Any CPU = Debug|Any CPU
		Release|Any CPU = Release|Any CPU
	EndGlobalSection
	GlobalSection(ProjectConfigurationPlatforms) = postSolution
		{3134DD63-D0BF-4752-A3EA-D158BBCCEF51}.Debug|Any CPU.ActiveCfg = Debug|Any CPU
		{3134DD63-D0BF-4752-A3EA-D158BBCCEF51}.Debug|Any CPU.Build.0 = Debug|Any CPU
		{3134DD63-D0BF-4752-A3EA-D158BBCCEF51}.Release|Any CPU.ActiveCfg = Release|Any CPU
		{3134DD63-D0BF-4752-A3EA-D158BBCCEF51}.Release|Any CPU.Build.0 = Release|Any CPU
		{1A405DC0-183F-4676-961C-0A8744578A59}.Debug|Any CPU.ActiveCfg = Debug|Any CPU
		{1A405DC0-183F-4676-961C-0A8744578A59}.Debug|Any CPU.Build.0 = Debug|Any CPU
		{1A405DC0-183F-4676-961C-0A8744578A59}.Release|Any CPU.ActiveCfg = Release|Any CPU
		{1A405DC0-183F-4676-961C-0A8744578A59}.Release|Any CPU.Build.0 = Release|Any CPU
		{245BD9B2-630F-41A2-A96A-BFF8C5103BCA}.Debug|Any CPU.ActiveCfg = Debug|Any CPU
		{245BD9B2-630F-41A2-A96A-BFF8C5103BCA}.Debug|Any CPU.Build.0 = Debug|Any CPU
		{245BD9B2-630F-41A2-A96A-BFF8C5103BCA}.Release|Any CPU.ActiveCfg = Release|Any CPU
		{245BD9B2-630F-41A2-A96A-BFF8C5103BCA}.Release|Any CPU.Build.0 = Release|Any CPU
		{98CC7AD2-E14E-496F-AA31-8511A7CE85F8}.Debug|Any CPU.ActiveCfg = Debug|Any CPU
		{98CC7AD2-E14E-496F-AA31-8511A7CE85F8}.Debug|Any CPU.Build.0 = Debug|Any CPU
		{98CC7AD2-E14E-496F-AA31-8511A7CE85F8}.Release|Any CPU.ActiveCfg = Release|Any CPU
		{98CC7AD2-E14E-496F-AA31-8511A7CE85F8}.Release|Any CPU.Build.0 = Release|Any CPU
	EndGlobalSection
	GlobalSection(SolutionProperties) = preSolution
		HideSolutionNode = FALSE
	EndGlobalSection
EndGlobal
