
Microsoft Visual Studio Solution File, Format Version 12.00
# Visual Studio 15
VisualStudioVersion = 15.0.26430.12
MinimumVisualStudioVersion = 10.0.40219.1
Project("{FAE04EC0-301F-11D3-BF4B-00C04F79EFBC}") = "Person", "ConsoleApp1\Person.csproj", "{AA29BA88-2BA7-48AD-BE63-F25CE07C7768}"
EndProject
Global
	GlobalSection(SolutionConfigurationPlatforms) = preSolution
		Debug|Any CPU = Debug|Any CPU
		Release|Any CPU = Release|Any CPU
	EndGlobalSection
	GlobalSection(ProjectConfigurationPlatforms) = postSolution
		{AA29BA88-2BA7-48AD-BE63-F25CE07C7768}.Debug|Any CPU.ActiveCfg = Debug|Any CPU
		{AA29BA88-2BA7-48AD-BE63-F25CE07C7768}.Debug|Any CPU.Build.0 = Debug|Any CPU
		{AA29BA88-2BA7-48AD-BE63-F25CE07C7768}.Release|Any CPU.ActiveCfg = Release|Any CPU
		{AA29BA88-2BA7-48AD-BE63-F25CE07C7768}.Release|Any CPU.Build.0 = Release|Any CPU
	EndGlobalSection
	GlobalSection(SolutionProperties) = preSolution
		HideSolutionNode = FALSE
	EndGlobalSection
EndGlobal
